// !$*UTF8*$!
{
	archiveVersion = 1;
	classes = {
	};
	objectVersion = 46;
	objects = {

/* Begin PBXBuildFile section */
		7B662F7A1D945EE100E72B9F /* AppDelegate.swift in Sources */ = {isa = PBXBuildFile; fileRef = 7B662F791D945EE100E72B9F /* AppDelegate.swift */; };
		7B662F7C1D945EE100E72B9F /* ViewController.swift in Sources */ = {isa = PBXBuildFile; fileRef = 7B662F7B1D945EE100E72B9F /* ViewController.swift */; };
		7B662F7F1D945EE100E72B9F /* Main.storyboard in Resources */ = {isa = PBXBuildFile; fileRef = 7B662F7D1D945EE100E72B9F /* Main.storyboard */; };
		7B662F821D945EE100E72B9F /* Poke_Dex.xcdatamodeld in Sources */ = {isa = PBXBuildFile; fileRef = 7B662F801D945EE100E72B9F /* Poke_Dex.xcdatamodeld */; };
		7B662F841D945EE200E72B9F /* Assets.xcassets in Resources */ = {isa = PBXBuildFile; fileRef = 7B662F831D945EE200E72B9F /* Assets.xcassets */; };
		7B662F871D945EE200E72B9F /* LaunchScreen.storyboard in Resources */ = {isa = PBXBuildFile; fileRef = 7B662F851D945EE200E72B9F /* LaunchScreen.storyboard */; };
		7B662F921D945EE200E72B9F /* Poke_DexTests.swift in Sources */ = {isa = PBXBuildFile; fileRef = 7B662F911D945EE200E72B9F /* Poke_DexTests.swift */; };
		7B662F9D1D945EE200E72B9F /* Poke_DexUITests.swift in Sources */ = {isa = PBXBuildFile; fileRef = 7B662F9C1D945EE200E72B9F /* Poke_DexUITests.swift */; };
/* End PBXBuildFile section */

/* Begin PBXContainerItemProxy section */
		7B662F8E1D945EE200E72B9F /* PBXContainerItemProxy */ = {
			isa = PBXContainerItemProxy;
			containerPortal = 7B662F6E1D945EE100E72B9F /* Project object */;
			proxyType = 1;
			remoteGlobalIDString = 7B662F751D945EE100E72B9F;
			remoteInfo = "Poke'Dex";
		};
		7B662F991D945EE200E72B9F /* PBXContainerItemProxy */ = {
			isa = PBXContainerItemProxy;
			containerPortal = 7B662F6E1D945EE100E72B9F /* Project object */;
			proxyType = 1;
			remoteGlobalIDString = 7B662F751D945EE100E72B9F;
			remoteInfo = "Poke'Dex";
		};
/* End PBXContainerItemProxy section */

/* Begin PBXFileReference section */
		7B662F761D945EE100E72B9F /* Poke'Dex.app */ = {isa = PBXFileReference; explicitFileType = wrapper.application; includeInIndex = 0; path = "Poke'Dex.app"; sourceTree = BUILT_PRODUCTS_DIR; };
		7B662F791D945EE100E72B9F /* AppDelegate.swift */ = {isa = PBXFileReference; lastKnownFileType = sourcecode.swift; path = AppDelegate.swift; sourceTree = "<group>"; };
		7B662F7B1D945EE100E72B9F /* ViewController.swift */ = {isa = PBXFileReference; lastKnownFileType = sourcecode.swift; path = ViewController.swift; sourceTree = "<group>"; };
		7B662F7E1D945EE100E72B9F /* Base */ = {isa = PBXFileReference; lastKnownFileType = file.storyboard; name = Base; path = Base.lproj/Main.storyboard; sourceTree = "<group>"; };
		7B662F811D945EE100E72B9F /* Poke_Dex.xcdatamodel */ = {isa = PBXFileReference; lastKnownFileType = wrapper.xcdatamodel; path = Poke_Dex.xcdatamodel; sourceTree = "<group>"; };
		7B662F831D945EE200E72B9F /* Assets.xcassets */ = {isa = PBXFileReference; lastKnownFileType = folder.assetcatalog; path = Assets.xcassets; sourceTree = "<group>"; };
		7B662F861D945EE200E72B9F /* Base */ = {isa = PBXFileReference; lastKnownFileType = file.storyboard; name = Base; path = Base.lproj/LaunchScreen.storyboard; sourceTree = "<group>"; };
		7B662F881D945EE200E72B9F /* Info.plist */ = {isa = PBXFileReference; lastKnownFileType = text.plist.xml; path = Info.plist; sourceTree = "<group>"; };
		7B662F8D1D945EE200E72B9F /* Poke'DexTests.xctest */ = {isa = PBXFileReference; explicitFileType = wrapper.cfbundle; includeInIndex = 0; path = "Poke'DexTests.xctest"; sourceTree = BUILT_PRODUCTS_DIR; };
		7B662F911D945EE200E72B9F /* Poke_DexTests.swift */ = {isa = PBXFileReference; lastKnownFileType = sourcecode.swift; path = Poke_DexTests.swift; sourceTree = "<group>"; };
		7B662F931D945EE200E72B9F /* Info.plist */ = {isa = PBXFileReference; lastKnownFileType = text.plist.xml; path = Info.plist; sourceTree = "<group>"; };
		7B662F981D945EE200E72B9F /* Poke'DexUITests.xctest */ = {isa = PBXFileReference; explicitFileType = wrapper.cfbundle; includeInIndex = 0; path = "Poke'DexUITests.xctest"; sourceTree = BUILT_PRODUCTS_DIR; };
		7B662F9C1D945EE200E72B9F /* Poke_DexUITests.swift */ = {isa = PBXFileReference; lastKnownFileType = sourcecode.swift; path = Poke_DexUITests.swift; sourceTree = "<group>"; };
		7B662F9E1D945EE200E72B9F /* Info.plist */ = {isa = PBXFileReference; lastKnownFileType = text.plist.xml; path = Info.plist; sourceTree = "<group>"; };
/* End PBXFileReference section */

/* Begin PBXFrameworksBuildPhase section */
		7B662F731D945EE100E72B9F /* Frameworks */ = {
			isa = PBXFrameworksBuildPhase;
			buildActionMask = 2147483647;
			files = (
			);
			runOnlyForDeploymentPostprocessing = 0;
		};
		7B662F8A1D945EE200E72B9F /* Frameworks */ = {
			isa = PBXFrameworksBuildPhase;
			buildActionMask = 2147483647;
			files = (
			);
			runOnlyForDeploymentPostprocessing = 0;
		};
		7B662F951D945EE200E72B9F /* Frameworks */ = {
			isa = PBXFrameworksBuildPhase;
			buildActionMask = 2147483647;
			files = (
			);
			runOnlyForDeploymentPostprocessing = 0;
		};
/* End PBXFrameworksBuildPhase section */

/* Begin PBXGroup section */
		7B662F6D1D945EE100E72B9F = {
			isa = PBXGroup;
			children = (
				7B662F781D945EE100E72B9F /* Poke'Dex */,
				7B662F901D945EE200E72B9F /* Poke'DexTests */,
				7B662F9B1D945EE200E72B9F /* Poke'DexUITests */,
				7B662F771D945EE100E72B9F /* Products */,
			);
			sourceTree = "<group>";
		};
		7B662F771D945EE100E72B9F /* Products */ = {
			isa = PBXGroup;
			children = (
				7B662F761D945EE100E72B9F /* Poke'Dex.app */,
				7B662F8D1D945EE200E72B9F /* Poke'DexTests.xctest */,
				7B662F981D945EE200E72B9F /* Poke'DexUITests.xctest */,
			);
			name = Products;
			sourceTree = "<group>";
		};
		7B662F781D945EE100E72B9F /* Poke'Dex */ = {
			isa = PBXGroup;
			children = (
				7B662F791D945EE100E72B9F /* AppDelegate.swift */,
				7B662F7B1D945EE100E72B9F /* ViewController.swift */,
				7B662F7D1D945EE100E72B9F /* Main.storyboard */,
				7B662F831D945EE200E72B9F /* Assets.xcassets */,
				7B662F851D945EE200E72B9F /* LaunchScreen.storyboard */,
				7B662F881D945EE200E72B9F /* Info.plist */,
				7B662F801D945EE100E72B9F /* Poke_Dex.xcdatamodeld */,
			);
			path = "Poke'Dex";
			sourceTree = "<group>";
		};
		7B662F901D945EE200E72B9F /* Poke'DexTests */ = {
			isa = PBXGroup;
			children = (
				7B662F911D945EE200E72B9F /* Poke_DexTests.swift */,
				7B662F931D945EE200E72B9F /* Info.plist */,
			);
			path = "Poke'DexTests";
			sourceTree = "<group>";
		};
		7B662F9B1D945EE200E72B9F /* Poke'DexUITests */ = {
			isa = PBXGroup;
			children = (
				7B662F9C1D945EE200E72B9F /* Poke_DexUITests.swift */,
				7B662F9E1D945EE200E72B9F /* Info.plist */,
			);
			path = "Poke'DexUITests";
			sourceTree = "<group>";
		};
/* End PBXGroup section */

/* Begin PBXNativeTarget section */
		7B662F751D945EE100E72B9F /* Poke'Dex */ = {
			isa = PBXNativeTarget;
			buildConfigurationList = 7B662FA11D945EE200E72B9F /* Build configuration list for PBXNativeTarget "Poke'Dex" */;
			buildPhases = (
				7B662F721D945EE100E72B9F /* Sources */,
				7B662F731D945EE100E72B9F /* Frameworks */,
				7B662F741D945EE100E72B9F /* Resources */,
			);
			buildRules = (
			);
			dependencies = (
			);
			name = "Poke'Dex";
			productName = "Poke'Dex";
			productReference = 7B662F761D945EE100E72B9F /* Poke'Dex.app */;
			productType = "com.apple.product-type.application";
		};
		7B662F8C1D945EE200E72B9F /* Poke'DexTests */ = {
			isa = PBXNativeTarget;
			buildConfigurationList = 7B662FA41D945EE200E72B9F /* Build configuration list for PBXNativeTarget "Poke'DexTests" */;
			buildPhases = (
				7B662F891D945EE200E72B9F /* Sources */,
				7B662F8A1D945EE200E72B9F /* Frameworks */,
				7B662F8B1D945EE200E72B9F /* Resources */,
			);
			buildRules = (
			);
			dependencies = (
				7B662F8F1D945EE200E72B9F /* PBXTargetDependency */,
			);
			name = "Poke'DexTests";
			productName = "Poke'DexTests";
			productReference = 7B662F8D1D945EE200E72B9F /* Poke'DexTests.xctest */;
			productType = "com.apple.product-type.bundle.unit-test";
		};
		7B662F971D945EE200E72B9F /* Poke'DexUITests */ = {
			isa = PBXNativeTarget;
			buildConfigurationList = 7B662FA71D945EE200E72B9F /* Build configuration list for PBXNativeTarget "Poke'DexUITests" */;
			buildPhases = (
				7B662F941D945EE200E72B9F /* Sources */,
				7B662F951D945EE200E72B9F /* Frameworks */,
				7B662F961D945EE200E72B9F /* Resources */,
			);
			buildRules = (
			);
			dependencies = (
				7B662F9A1D945EE200E72B9F /* PBXTargetDependency */,
			);
			name = "Poke'DexUITests";
			productName = "Poke'DexUITests";
			productReference = 7B662F981D945EE200E72B9F /* Poke'DexUITests.xctest */;
			productType = "com.apple.product-type.bundle.ui-testing";
		};
/* End PBXNativeTarget section */

/* Begin PBXProject section */
		7B662F6E1D945EE100E72B9F /* Project object */ = {
			isa = PBXProject;
			attributes = {
				LastSwiftUpdateCheck = 0800;
				LastUpgradeCheck = 0800;
				ORGANIZATIONNAME = "Steven Yang";
				TargetAttributes = {
					7B662F751D945EE100E72B9F = {
						CreatedOnToolsVersion = 8.0;
						DevelopmentTeam = TP9E7CXU62;
						ProvisioningStyle = Automatic;
					};
					7B662F8C1D945EE200E72B9F = {
						CreatedOnToolsVersion = 8.0;
						DevelopmentTeam = TP9E7CXU62;
						ProvisioningStyle = Automatic;
						TestTargetID = 7B662F751D945EE100E72B9F;
					};
					7B662F971D945EE200E72B9F = {
						CreatedOnToolsVersion = 8.0;
						DevelopmentTeam = TP9E7CXU62;
						ProvisioningStyle = Automatic;
						TestTargetID = 7B662F751D945EE100E72B9F;
					};
				};
			};
			buildConfigurationList = 7B662F711D945EE100E72B9F /* Build configuration list for PBXProject "Poke'Dex" */;
			compatibilityVersion = "Xcode 3.2";
			developmentRegion = English;
			hasScannedForEncodings = 0;
			knownRegions = (
				en,
				Base,
			);
			mainGroup = 7B662F6D1D945EE100E72B9F;
			productRefGroup = 7B662F771D945EE100E72B9F /* Products */;
			projectDirPath = "";
			projectRoot = "";
			targets = (
				7B662F751D945EE100E72B9F /* Poke'Dex */,
				7B662F8C1D945EE200E72B9F /* Poke'DexTests */,
				7B662F971D945EE200E72B9F /* Poke'DexUITests */,
			);
		};
/* End PBXProject section */

/* Begin PBXResourcesBuildPhase section */
		7B662F741D945EE100E72B9F /* Resources */ = {
			isa = PBXResourcesBuildPhase;
			buildActionMask = 2147483647;
			files = (
				7B662F871D945EE200E72B9F /* LaunchScreen.storyboard in Resources */,
				7B662F841D945EE200E72B9F /* Assets.xcassets in Resources */,
				7B662F7F1D945EE100E72B9F /* Main.storyboard in Resources */,
			);
			runOnlyForDeploymentPostprocessing = 0;
		};
		7B662F8B1D945EE200E72B9F /* Resources */ = {
			isa = PBXResourcesBuildPhase;
			buildActionMask = 2147483647;
			files = (
			);
			runOnlyForDeploymentPostprocessing = 0;
		};
		7B662F961D945EE200E72B9F /* Resources */ = {
			isa = PBXResourcesBuildPhase;
			buildActionMask = 2147483647;
			files = (
			);
			runOnlyForDeploymentPostprocessing = 0;
		};
/* End PBXResourcesBuildPhase section */

/* Begin PBXSourcesBuildPhase section */
		7B662F721D945EE100E72B9F /* Sources */ = {
			isa = PBXSourcesBuildPhase;
			buildActionMask = 2147483647;
			files = (
				7B662F7C1D945EE100E72B9F /* ViewController.swift in Sources */,
				7B662F7A1D945EE100E72B9F /* AppDelegate.swift in Sources */,
				7B662F821D945EE100E72B9F /* Poke_Dex.xcdatamodeld in Sources */,
			);
			runOnlyForDeploymentPostprocessing = 0;
		};
		7B662F891D945EE200E72B9F /* Sources */ = {
			isa = PBXSourcesBuildPhase;
			buildActionMask = 2147483647;
			files = (
				7B662F921D945EE200E72B9F /* Poke_DexTests.swift in Sources */,
			);
			runOnlyForDeploymentPostprocessing = 0;
		};
		7B662F941D945EE200E72B9F /* Sources */ = {
			isa = PBXSourcesBuildPhase;
			buildActionMask = 2147483647;
			files = (
				7B662F9D1D945EE200E72B9F /* Poke_DexUITests.swift in Sources */,
			);
			runOnlyForDeploymentPostprocessing = 0;
		};
/* End PBXSourcesBuildPhase section */

/* Begin PBXTargetDependency section */
		7B662F8F1D945EE200E72B9F /* PBXTargetDependency */ = {
			isa = PBXTargetDependency;
			target = 7B662F751D945EE100E72B9F /* Poke'Dex */;
			targetProxy = 7B662F8E1D945EE200E72B9F /* PBXContainerItemProxy */;
		};
		7B662F9A1D945EE200E72B9F /* PBXTargetDependency */ = {
			isa = PBXTargetDependency;
			target = 7B662F751D945EE100E72B9F /* Poke'Dex */;
			targetProxy = 7B662F991D945EE200E72B9F /* PBXContainerItemProxy */;
		};
/* End PBXTargetDependency section */

/* Begin PBXVariantGroup section */
		7B662F7D1D945EE100E72B9F /* Main.storyboard */ = {
			isa = PBXVariantGroup;
			children = (
				7B662F7E1D945EE100E72B9F /* Base */,
			);
			name = Main.storyboard;
			sourceTree = "<group>";
		};
		7B662F851D945EE200E72B9F /* LaunchScreen.storyboard */ = {
			isa = PBXVariantGroup;
			children = (
				7B662F861D945EE200E72B9F /* Base */,
			);
			name = LaunchScreen.storyboard;
			sourceTree = "<group>";
		};
/* End PBXVariantGroup section */

/* Begin XCBuildConfiguration section */
		7B662F9F1D945EE200E72B9F /* Debug */ = {
			isa = XCBuildConfiguration;
			buildSettings = {
				ALWAYS_SEARCH_USER_PATHS = NO;
				CLANG_ANALYZER_NONNULL = YES;
				CLANG_CXX_LANGUAGE_STANDARD = "gnu++0x";
				CLANG_CXX_LIBRARY = "libc++";
				CLANG_ENABLE_MODULES = YES;
				CLANG_ENABLE_OBJC_ARC = YES;
				CLANG_WARN_BOOL_CONVERSION = YES;
				CLANG_WARN_CONSTANT_CONVERSION = YES;
				CLANG_WARN_DIRECT_OBJC_ISA_USAGE = YES_ERROR;
				CLANG_WARN_DOCUMENTATION_COMMENTS = YES;
				CLANG_WARN_EMPTY_BODY = YES;
				CLANG_WARN_ENUM_CONVERSION = YES;
				CLANG_WARN_INFINITE_RECURSION = YES;
				CLANG_WARN_INT_CONVERSION = YES;
				CLANG_WARN_OBJC_ROOT_CLASS = YES_ERROR;
				CLANG_WARN_SUSPICIOUS_MOVES = YES;
				CLANG_WARN_UNREACHABLE_CODE = YES;
				CLANG_WARN__DUPLICATE_METHOD_MATCH = YES;
				"CODE_SIGN_IDENTITY[sdk=iphoneos*]" = "iPhone Developer";
				COPY_PHASE_STRIP = NO;
				DEBUG_INFORMATION_FORMAT = dwarf;
				ENABLE_STRICT_OBJC_MSGSEND = YES;
				ENABLE_TESTABILITY = YES;
				GCC_C_LANGUAGE_STANDARD = gnu99;
				GCC_DYNAMIC_NO_PIC = NO;
				GCC_NO_COMMON_BLOCKS = YES;
				GCC_OPTIMIZATION_LEVEL = 0;
				GCC_PREPROCESSOR_DEFINITIONS = (
					"DEBUG=1",
					"$(inherited)",
				);
				GCC_WARN_64_TO_32_BIT_CONVERSION = YES;
				GCC_WARN_ABOUT_RETURN_TYPE = YES_ERROR;
				GCC_WARN_UNDECLARED_SELECTOR = YES;
				GCC_WARN_UNINITIALIZED_AUTOS = YES_AGGRESSIVE;
				GCC_WARN_UNUSED_FUNCTION = YES;
				GCC_WARN_UNUSED_VARIABLE = YES;
				IPHONEOS_DEPLOYMENT_TARGET = 10.0;
				MTL_ENABLE_DEBUG_INFO = YES;
				ONLY_ACTIVE_ARCH = YES;
				SDKROOT = iphoneos;
				SWIFT_ACTIVE_COMPILATION_CONDITIONS = DEBUG;
				SWIFT_OPTIMIZATION_LEVEL = "-Onone";
				TARGETED_DEVICE_FAMILY = "1,2";
			};
			name = Debug;
		};
		7B662FA01D945EE200E72B9F /* Release */ = {
			isa = XCBuildConfiguration;
			buildSettings = {
				ALWAYS_SEARCH_USER_PATHS = NO;
				CLANG_ANALYZER_NONNULL = YES;
				CLANG_CXX_LANGUAGE_STANDARD = "gnu++0x";
				CLANG_CXX_LIBRARY = "libc++";
				CLANG_ENABLE_MODULES = YES;
				CLANG_ENABLE_OBJC_ARC = YES;
				CLANG_WARN_BOOL_CONVERSION = YES;
				CLANG_WARN_CONSTANT_CONVERSION = YES;
				CLANG_WARN_DIRECT_OBJC_ISA_USAGE = YES_ERROR;
				CLANG_WARN_DOCUMENTATION_COMMENTS = YES;
				CLANG_WARN_EMPTY_BODY = YES;
				CLANG_WARN_ENUM_CONVERSION = YES;
				CLANG_WARN_INFINITE_RECURSION = YES;
				CLANG_WARN_INT_CONVERSION = YES;
				CLANG_WARN_OBJC_ROOT_CLASS = YES_ERROR;
				CLANG_WARN_SUSPICIOUS_MOVES = YES;
				CLANG_WARN_UNREACHABLE_CODE = YES;
				CLANG_WARN__DUPLICATE_METHOD_MATCH = YES;
				"CODE_SIGN_IDENTITY[sdk=iphoneos*]" = "iPhone Developer";
				COPY_PHASE_STRIP = NO;
				DEBUG_INFORMATION_FORMAT = "dwarf-with-dsym";
				ENABLE_NS_ASSERTIONS = NO;
				ENABLE_STRICT_OBJC_MSGSEND = YES;
				GCC_C_LANGUAGE_STANDARD = gnu99;
				GCC_NO_COMMON_BLOCKS = YES;
				GCC_WARN_64_TO_32_BIT_CONVERSION = YES;
				GCC_WARN_ABOUT_RETURN_TYPE = YES_ERROR;
				GCC_WARN_UNDECLARED_SELECTOR = YES;
				GCC_WARN_UNINITIALIZED_AUTOS = YES_AGGRESSIVE;
				GCC_WARN_UNUSED_FUNCTION = YES;
				GCC_WARN_UNUSED_VARIABLE = YES;
				IPHONEOS_DEPLOYMENT_TARGET = 10.0;
				MTL_ENABLE_DEBUG_INFO = NO;
				SDKROOT = iphoneos;
				SWIFT_OPTIMIZATION_LEVEL = "-Owholemodule";
				TARGETED_DEVICE_FAMILY = "1,2";
				VALIDATE_PRODUCT = YES;
			};
			name = Release;
		};
		7B662FA21D945EE200E72B9F /* Debug */ = {
			isa = XCBuildConfiguration;
			buildSettings = {
				ASSETCATALOG_COMPILER_APPICON_NAME = AppIcon;
				DEVELOPMENT_TEAM = TP9E7CXU62;
				INFOPLIST_FILE = "Poke'Dex/Info.plist";
				LD_RUNPATH_SEARCH_PATHS = "$(inherited) @executable_path/Frameworks";
				PRODUCT_BUNDLE_IDENTIFIER = "com.yato.Poke-Dex";
				PRODUCT_NAME = "$(TARGET_NAME)";
				SWIFT_VERSION = 3.0;
			};
			name = Debug;
		};
		7B662FA31D945EE200E72B9F /* Release */ = {
			isa = XCBuildConfiguration;
			buildSettings = {
				ASSETCATALOG_COMPILER_APPICON_NAME = AppIcon;
				DEVELOPMENT_TEAM = TP9E7CXU62;
				INFOPLIST_FILE = "Poke'Dex/Info.plist";
				LD_RUNPATH_SEARCH_PATHS = "$(inherited) @executable_path/Frameworks";
				PRODUCT_BUNDLE_IDENTIFIER = "com.yato.Poke-Dex";
				PRODUCT_NAME = "$(TARGET_NAME)";
				SWIFT_VERSION = 3.0;
			};
			name = Release;
		};
		7B662FA51D945EE200E72B9F /* Debug */ = {
			isa = XCBuildConfiguration;
			buildSettings = {
				ALWAYS_EMBED_SWIFT_STANDARD_LIBRARIES = YES;
				BUNDLE_LOADER = "$(TEST_HOST)";
				DEVELOPMENT_TEAM = TP9E7CXU62;
				INFOPLIST_FILE = "Poke'DexTests/Info.plist";
				LD_RUNPATH_SEARCH_PATHS = "$(inherited) @executable_path/Frameworks @loader_path/Frameworks";
				PRODUCT_BUNDLE_IDENTIFIER = "com.yato.Poke-DexTests";
				PRODUCT_NAME = "$(TARGET_NAME)";
				SWIFT_VERSION = 3.0;
				TEST_HOST = "$(BUILT_PRODUCTS_DIR)/Poke'Dex.app/Poke'Dex";
			};
			name = Debug;
		};
		7B662FA61D945EE200E72B9F /* Release */ = {
			isa = XCBuildConfiguration;
			buildSettings = {
				ALWAYS_EMBED_SWIFT_STANDARD_LIBRARIES = YES;
				BUNDLE_LOADER = "$(TEST_HOST)";
				DEVELOPMENT_TEAM = TP9E7CXU62;
				INFOPLIST_FILE = "Poke'DexTests/Info.plist";
				LD_RUNPATH_SEARCH_PATHS = "$(inherited) @executable_path/Frameworks @loader_path/Frameworks";
				PRODUCT_BUNDLE_IDENTIFIER = "com.yato.Poke-DexTests";
				PRODUCT_NAME = "$(TARGET_NAME)";
				SWIFT_VERSION = 3.0;
				TEST_HOST = "$(BUILT_PRODUCTS_DIR)/Poke'Dex.app/Poke'Dex";
			};
			name = Release;
		};
		7B662FA81D945EE200E72B9F /* Debug */ = {
			isa = XCBuildConfiguration;
			buildSettings = {
				ALWAYS_EMBED_SWIFT_STANDARD_LIBRARIES = YES;
				DEVELOPMENT_TEAM = TP9E7CXU62;
				INFOPLIST_FILE = "Poke'DexUITests/Info.plist";
				LD_RUNPATH_SEARCH_PATHS = "$(inherited) @executable_path/Frameworks @loader_path/Frameworks";
				PRODUCT_BUNDLE_IDENTIFIER = "com.yato.Poke-DexUITests";
				PRODUCT_NAME = "$(TARGET_NAME)";
				SWIFT_VERSION = 3.0;
				TEST_TARGET_NAME = "Poke'Dex";
			};
			name = Debug;
		};
		7B662FA91D945EE200E72B9F /* Release */ = {
			isa = XCBuildConfiguration;
			buildSettings = {
				ALWAYS_EMBED_SWIFT_STANDARD_LIBRARIES = YES;
				DEVELOPMENT_TEAM = TP9E7CXU62;
				INFOPLIST_FILE = "Poke'DexUITests/Info.plist";
				LD_RUNPATH_SEARCH_PATHS = "$(inherited) @executable_path/Frameworks @loader_path/Frameworks";
				PRODUCT_BUNDLE_IDENTIFIER = "com.yato.Poke-DexUITests";
				PRODUCT_NAME = "$(TARGET_NAME)";
				SWIFT_VERSION = 3.0;
				TEST_TARGET_NAME = "Poke'Dex";
			};
			name = Release;
		};
/* End XCBuildConfiguration section */

/* Begin XCConfigurationList section */
		7B662F711D945EE100E72B9F /* Build configuration list for PBXProject "Poke'Dex" */ = {
			isa = XCConfigurationList;
			buildConfigurations = (
				7B662F9F1D945EE200E72B9F /* Debug */,
				7B662FA01D945EE200E72B9F /* Release */,
			);
			defaultConfigurationIsVisible = 0;
			defaultConfigurationName = Release;
		};
		7B662FA11D945EE200E72B9F /* Build configuration list for PBXNativeTarget "Poke'Dex" */ = {
			isa = XCConfigurationList;
			buildConfigurations = (
				7B662FA21D945EE200E72B9F /* Debug */,
				7B662FA31D945EE200E72B9F /* Release */,
			);
			defaultConfigurationIsVisible = 0;
		};
		7B662FA41D945EE200E72B9F /* Build configuration list for PBXNativeTarget "Poke'DexTests" */ = {
			isa = XCConfigurationList;
			buildConfigurations = (
				7B662FA51D945EE200E72B9F /* Debug */,
				7B662FA61D945EE200E72B9F /* Release */,
			);
			defaultConfigurationIsVisible = 0;
		};
		7B662FA71D945EE200E72B9F /* Build configuration list for PBXNativeTarget "Poke'DexUITests" */ = {
			isa = XCConfigurationList;
			buildConfigurations = (
				7B662FA81D945EE200E72B9F /* Debug */,
				7B662FA91D945EE200E72B9F /* Release */,
			);
			defaultConfigurationIsVisible = 0;
		};
/* End XCConfigurationList section */

/* Begin XCVersionGroup section */
		7B662F801D945EE100E72B9F /* Poke_Dex.xcdatamodeld */ = {
			isa = XCVersionGroup;
			children = (
				7B662F811D945EE100E72B9F /* Poke_Dex.xcdatamodel */,
			);
			currentVersion = 7B662F811D945EE100E72B9F /* Poke_Dex.xcdatamodel */;
			path = Poke_Dex.xcdatamodeld;
			sourceTree = "<group>";
			versionGroupType = wrapper.xcdatamodel;
		};
/* End XCVersionGroup section */
	};
	rootObject = 7B662F6E1D945EE100E72B9F /* Project object */;
}
